
Microsoft Visual Studio Solution File, Format Version 12.00
# Visual Studio Version 16
VisualStudioVersion = 16.0.30717.126
MinimumVisualStudioVersion = 10.0.40219.1
Project("{FAE04EC0-301F-11D3-BF4B-00C04F79EFBC}") = "8-BitFitness", "8-BitFitness.csproj", "{146D0655-D358-44AC-B029-291B6D0E64E0}"
EndProject
Global
	GlobalSection(SolutionConfigurationPlatforms) = preSolution
		Debug|Any CPU = Debug|Any CPU
		Release|Any CPU = Release|Any CPU
	EndGlobalSection
	GlobalSection(ProjectConfigurationPlatforms) = postSolution
		{146D0655-D358-44AC-B029-291B6D0E64E0}.Debug|Any CPU.ActiveCfg = Debug|Any CPU
		{146D0655-D358-44AC-B029-291B6D0E64E0}.Debug|Any CPU.Build.0 = Debug|Any CPU
		{146D0655-D358-44AC-B029-291B6D0E64E0}.Release|Any CPU.ActiveCfg = Release|Any CPU
		{146D0655-D358-44AC-B029-291B6D0E64E0}.Release|Any CPU.Build.0 = Release|Any CPU
	EndGlobalSection
	GlobalSection(SolutionProperties) = preSolution
		HideSolutionNode = FALSE
	EndGlobalSection
	GlobalSection(ExtensibilityGlobals) = postSolution
		SolutionGuid = {CDAC0EFE-7510-4D91-8493-0B2651614E6E}
	EndGlobalSection
EndGlobal
